
Microsoft Visual Studio Solution File, Format Version 12.00
# Visual Studio 15
VisualStudioVersion = 15.0.27428.2043
MinimumVisualStudioVersion = 10.0.40219.1
Project("{FAE04EC0-301F-11D3-BF4B-00C04F79EFBC}") = "TodoAPI", "TodoAPI\TodoAPI.csproj", "{959E99F4-B901-46FD-B79C-36D1C7DF4564}"
EndProject
Global
	GlobalSection(SolutionConfigurationPlatforms) = preSolution
		Debug|Any CPU = Debug|Any CPU
		Release|Any CPU = Release|Any CPU
	EndGlobalSection
	GlobalSection(ProjectConfigurationPlatforms) = postSolution
		{959E99F4-B901-46FD-B79C-36D1C7DF4564}.Debug|Any CPU.ActiveCfg = Debug|Any CPU
		{959E99F4-B901-46FD-B79C-36D1C7DF4564}.Debug|Any CPU.Build.0 = Debug|Any CPU
		{959E99F4-B901-46FD-B79C-36D1C7DF4564}.Release|Any CPU.ActiveCfg = Release|Any CPU
		{959E99F4-B901-46FD-B79C-36D1C7DF4564}.Release|Any CPU.Build.0 = Release|Any CPU
	EndGlobalSection
	GlobalSection(SolutionProperties) = preSolution
		HideSolutionNode = FALSE
	EndGlobalSection
	GlobalSection(ExtensibilityGlobals) = postSolution
		SolutionGuid = {9A1A3C1E-2561-47AD-A48D-E89455C7D9E8}
	EndGlobalSection
EndGlobal
